
Microsoft Visual Studio Solution File, Format Version 12.00
Project("{FAE04EC0-301F-11D3-BF4B-00C04F79EFBC}") = "Web", "samples\Web\Web.csproj", "{944BD243-B209-4E41-A75B-C2B71C5D78C2}"
EndProject
Project("{FAE04EC0-301F-11D3-BF4B-00C04F79EFBC}") = "Core", "src\Core\Core.csproj", "{438FC233-9AD6-46AF-B05C-BC10C7642DDA}"
EndProject
Project("{FAE04EC0-301F-11D3-BF4B-00C04F79EFBC}") = "Plugins.MySql", "src\Plugins.MySql\Plugins.MySql.csproj", "{78EEE4EE-AEF9-40A2-84BE-2262D98D0675}"
EndProject
Project("{FAE04EC0-301F-11D3-BF4B-00C04F79EFBC}") = "Plugins.SqlServer", "src\Plugins.SqlServer\Plugins.SqlServer.csproj", "{B3D9377B-0E80-4BE4-A874-55E950C51BF6}"
EndProject
Project("{FAE04EC0-301F-11D3-BF4B-00C04F79EFBC}") = "Plugins.Oracle", "src\Plugins.Oracle\Plugins.Oracle.csproj", "{289EACB5-4CE6-4AC6-8843-9113DBEA3E8F}"
EndProject
Project("{FAE04EC0-301F-11D3-BF4B-00C04F79EFBC}") = "Plugins.Postgres", "src\Plugins.Postgres\Plugins.Postgres.csproj", "{20ED843E-8C1B-47CE-AD0F-A3833E4E60EE}"
EndProject
Project("{FAE04EC0-301F-11D3-BF4B-00C04F79EFBC}") = "Plugins.Mongodb", "src\Plugins.Mongodb\Plugins.Mongodb.csproj", "{16266FEF-959D-46DB-B874-79FDAED10871}"
EndProject
Project("{2150E333-8FDC-42A3-9474-1A3956D46DE8}") = "src", "src", "{04C6B50A-D3E7-46C3-B5CE-976B4C016517}"
EndProject
Project("{2150E333-8FDC-42A3-9474-1A3956D46DE8}") = "samples", "samples", "{D878798D-94A4-4BBA-A940-E13AE53BD46F}"
EndProject
Project("{FAE04EC0-301F-11D3-BF4B-00C04F79EFBC}") = "Plugins.Hangfire", "src\Plugins.Hangfire\Plugins.Hangfire.csproj", "{3CE9AA26-2289-4DCC-9445-6F2B7EFE0D63}"
EndProject
Global
	GlobalSection(SolutionConfigurationPlatforms) = preSolution
		Debug|Any CPU = Debug|Any CPU
		Release|Any CPU = Release|Any CPU
	EndGlobalSection
	GlobalSection(ProjectConfigurationPlatforms) = postSolution
		{944BD243-B209-4E41-A75B-C2B71C5D78C2}.Debug|Any CPU.ActiveCfg = Debug|Any CPU
		{944BD243-B209-4E41-A75B-C2B71C5D78C2}.Debug|Any CPU.Build.0 = Debug|Any CPU
		{944BD243-B209-4E41-A75B-C2B71C5D78C2}.Release|Any CPU.ActiveCfg = Release|Any CPU
		{944BD243-B209-4E41-A75B-C2B71C5D78C2}.Release|Any CPU.Build.0 = Release|Any CPU
		{438FC233-9AD6-46AF-B05C-BC10C7642DDA}.Debug|Any CPU.ActiveCfg = Debug|Any CPU
		{438FC233-9AD6-46AF-B05C-BC10C7642DDA}.Debug|Any CPU.Build.0 = Debug|Any CPU
		{438FC233-9AD6-46AF-B05C-BC10C7642DDA}.Release|Any CPU.ActiveCfg = Release|Any CPU
		{438FC233-9AD6-46AF-B05C-BC10C7642DDA}.Release|Any CPU.Build.0 = Release|Any CPU
		{78EEE4EE-AEF9-40A2-84BE-2262D98D0675}.Debug|Any CPU.ActiveCfg = Debug|Any CPU
		{78EEE4EE-AEF9-40A2-84BE-2262D98D0675}.Debug|Any CPU.Build.0 = Debug|Any CPU
		{78EEE4EE-AEF9-40A2-84BE-2262D98D0675}.Release|Any CPU.ActiveCfg = Release|Any CPU
		{78EEE4EE-AEF9-40A2-84BE-2262D98D0675}.Release|Any CPU.Build.0 = Release|Any CPU
		{B3D9377B-0E80-4BE4-A874-55E950C51BF6}.Debug|Any CPU.ActiveCfg = Debug|Any CPU
		{B3D9377B-0E80-4BE4-A874-55E950C51BF6}.Debug|Any CPU.Build.0 = Debug|Any CPU
		{B3D9377B-0E80-4BE4-A874-55E950C51BF6}.Release|Any CPU.ActiveCfg = Release|Any CPU
		{B3D9377B-0E80-4BE4-A874-55E950C51BF6}.Release|Any CPU.Build.0 = Release|Any CPU
		{289EACB5-4CE6-4AC6-8843-9113DBEA3E8F}.Debug|Any CPU.ActiveCfg = Debug|Any CPU
		{289EACB5-4CE6-4AC6-8843-9113DBEA3E8F}.Debug|Any CPU.Build.0 = Debug|Any CPU
		{289EACB5-4CE6-4AC6-8843-9113DBEA3E8F}.Release|Any CPU.ActiveCfg = Release|Any CPU
		{289EACB5-4CE6-4AC6-8843-9113DBEA3E8F}.Release|Any CPU.Build.0 = Release|Any CPU
		{20ED843E-8C1B-47CE-AD0F-A3833E4E60EE}.Debug|Any CPU.ActiveCfg = Debug|Any CPU
		{20ED843E-8C1B-47CE-AD0F-A3833E4E60EE}.Debug|Any CPU.Build.0 = Debug|Any CPU
		{20ED843E-8C1B-47CE-AD0F-A3833E4E60EE}.Release|Any CPU.ActiveCfg = Release|Any CPU
		{20ED843E-8C1B-47CE-AD0F-A3833E4E60EE}.Release|Any CPU.Build.0 = Release|Any CPU
		{16266FEF-959D-46DB-B874-79FDAED10871}.Debug|Any CPU.ActiveCfg = Debug|Any CPU
		{16266FEF-959D-46DB-B874-79FDAED10871}.Debug|Any CPU.Build.0 = Debug|Any CPU
		{16266FEF-959D-46DB-B874-79FDAED10871}.Release|Any CPU.ActiveCfg = Release|Any CPU
		{16266FEF-959D-46DB-B874-79FDAED10871}.Release|Any CPU.Build.0 = Release|Any CPU
		{3CE9AA26-2289-4DCC-9445-6F2B7EFE0D63}.Debug|Any CPU.ActiveCfg = Debug|Any CPU
		{3CE9AA26-2289-4DCC-9445-6F2B7EFE0D63}.Debug|Any CPU.Build.0 = Debug|Any CPU
		{3CE9AA26-2289-4DCC-9445-6F2B7EFE0D63}.Release|Any CPU.ActiveCfg = Release|Any CPU
		{3CE9AA26-2289-4DCC-9445-6F2B7EFE0D63}.Release|Any CPU.Build.0 = Release|Any CPU
	EndGlobalSection
	GlobalSection(NestedProjects) = preSolution
		{438FC233-9AD6-46AF-B05C-BC10C7642DDA} = {04C6B50A-D3E7-46C3-B5CE-976B4C016517}
		{16266FEF-959D-46DB-B874-79FDAED10871} = {04C6B50A-D3E7-46C3-B5CE-976B4C016517}
		{78EEE4EE-AEF9-40A2-84BE-2262D98D0675} = {04C6B50A-D3E7-46C3-B5CE-976B4C016517}
		{289EACB5-4CE6-4AC6-8843-9113DBEA3E8F} = {04C6B50A-D3E7-46C3-B5CE-976B4C016517}
		{20ED843E-8C1B-47CE-AD0F-A3833E4E60EE} = {04C6B50A-D3E7-46C3-B5CE-976B4C016517}
		{B3D9377B-0E80-4BE4-A874-55E950C51BF6} = {04C6B50A-D3E7-46C3-B5CE-976B4C016517}
		{944BD243-B209-4E41-A75B-C2B71C5D78C2} = {D878798D-94A4-4BBA-A940-E13AE53BD46F}
		{3CE9AA26-2289-4DCC-9445-6F2B7EFE0D63} = {04C6B50A-D3E7-46C3-B5CE-976B4C016517}
	EndGlobalSection
EndGlobal
